
Microsoft Visual Studio Solution File, Format Version 12.00
# Visual Studio Version 17
VisualStudioVersion = 17.7.34024.191
MinimumVisualStudioVersion = 10.0.40219.1
Project("{9A19103F-16F7-4668-BE54-9A1E7A4F7556}") = "TN.DVDCentral.BL.Models", "TN.DVDCentral.BL.Models\TN.DVDCentral.BL.Models.csproj", "{E709F047-D368-4475-A33A-C2C86A7A85A6}"
EndProject
Project("{00D1A9C2-B5F0-4AF3-8072-F6C62B433612}") = "TN.DVDCentral.DB", "TN.DVDCentral.DB\TN.DVDCentral.DB.sqlproj", "{36B5BC03-5E73-4B0C-B106-433F784F6111}"
EndProject
Project("{9A19103F-16F7-4668-BE54-9A1E7A4F7556}") = "TN.DVDCentral.PL", "TN.DVDCentral.PL\TN.DVDCentral.PL.csproj", "{A2EAB7E3-E7B9-442D-B661-34804396CFA2}"
EndProject
Project("{9A19103F-16F7-4668-BE54-9A1E7A4F7556}") = "TN.DVDCentral.PL.Test", "TN.DVDCentral.PL.Test\TN.DVDCentral.PL.Test.csproj", "{AC8AA007-69D5-4FF2-A0C2-D4546043E073}"
EndProject
Project("{9A19103F-16F7-4668-BE54-9A1E7A4F7556}") = "TN.DVDCentral.BL.Test", "TN.DVDCentral.BL.Test\TN.DVDCentral.BL.Test.csproj", "{E71BD162-CDDE-4C37-9C74-34D6992CE041}"
EndProject
Project("{9A19103F-16F7-4668-BE54-9A1E7A4F7556}") = "TN.DVDCentral.BL", "TN.DVDCentral.BL\TN.DVDCentral.BL.csproj", "{2305BF87-B9A3-4745-9FB3-180B5E7CC91A}"
EndProject
Project("{2150E333-8FDC-42A3-9474-1A3956D46DE8}") = "solution items", "solution items", "{738FE8CA-FCAA-4D87-86EF-8EE2A3406B5A}"
	ProjectSection(SolutionItems) = preProject
		TextFile1.txt = TextFile1.txt
	EndProjectSection
EndProject
Project("{9A19103F-16F7-4668-BE54-9A1E7A4F7556}") = "TN.DVDCentral.UI", "TN.DVDCentral.UI\TN.DVDCentral.UI.csproj", "{2CB20F01-0BFF-4166-847D-2A1073C78AA3}"
EndProject
Project("{9A19103F-16F7-4668-BE54-9A1E7A4F7556}") = "TN.DVDCentral.API22", "TN.DVDCentral.API\TN.DVDCentral.API22.csproj", "{5576E436-9659-4F1E-819B-F2FDED60A7AC}"
EndProject
Project("{9A19103F-16F7-4668-BE54-9A1E7A4F7556}") = "TN.DVDCentral.PL2", "TN.DVDCentral.PL2\TN.DVDCentral.PL2.csproj", "{649B588F-3B80-4CFD-B0D7-F39A82FC974E}"
EndProject
Project("{9A19103F-16F7-4668-BE54-9A1E7A4F7556}") = "TN.DVDCentral.MigrationHandler", "TN.DVDCentral.MigrationHandler\TN.DVDCentral.MigrationHandler.csproj", "{341AEA4C-57F5-4B1C-B977-981C93EB93D3}"
EndProject
Project("{9A19103F-16F7-4668-BE54-9A1E7A4F7556}") = "TN.DVDCentral.WPF.UI", "TN.DVDCentral.WPF.UI\TN.DVDCentral.WPF.UI.csproj", "{B75FFCD6-AFCA-48A2-89E1-0CE8B243668F}"
EndProject
Project("{9A19103F-16F7-4668-BE54-9A1E7A4F7556}") = "TN.DVDCentral.ConsoleApp", "TN.DVDCentral.ConsoleApp\TN.DVDCentral.ConsoleApp.csproj", "{A15BE03C-D469-4814-8B85-2830E277D46E}"
EndProject
Project("{9A19103F-16F7-4668-BE54-9A1E7A4F7556}") = "TN.DVDCentral.API", "TN.DVDCentral.API2\TN.DVDCentral.API.csproj", "{EFCC75AC-9E13-4A81-8E10-CEB3346B1476}"
EndProject
Project("{9A19103F-16F7-4668-BE54-9A1E7A4F7556}") = "TN.DVDCentral.API.Test", "TN.DVDCentral.API.Test\TN.DVDCentral.API.Test.csproj", "{46F8D85A-D299-4EB9-92BE-5C4CA4C8AD7D}"
EndProject
Project("{9A19103F-16F7-4668-BE54-9A1E7A4F7556}") = "BDF.Bingo.UI", "BDF.Bingo.UI\BDF.Bingo.UI.csproj", "{95F0CEC3-72BC-463C-9D05-000CA8DF2A8E}"
EndProject
Project("{9A19103F-16F7-4668-BE54-9A1E7A4F7556}") = "TN.WebApp.UI", "TN.WebApp.UI\TN.WebApp.UI.csproj", "{04E74D59-29A2-4653-993D-3A112C0C5F35}"
EndProject
Project("{9A19103F-16F7-4668-BE54-9A1E7A4F7556}") = "BDF.Utility", "BDF.Utility\BDF.Utility.csproj", "{44664F5E-11E2-402A-8EC3-FA353E0FA126}"
EndProject
Project("{9A19103F-16F7-4668-BE54-9A1E7A4F7556}") = "TN.Reporting", "TN.Reporting\TN.Reporting.csproj", "{0B213759-E093-4D15-AD07-A9C7AB2C0FE7}"
EndProject
Project("{9A19103F-16F7-4668-BE54-9A1E7A4F7556}") = "TN.DVDCentral.Maui", "TN.DVDCentral.Maui\TN.DVDCentral.Maui.csproj", "{0FF6BBA0-4DC7-47C0-839A-E05B4FFA9A3E}"
EndProject
Project("{9A19103F-16F7-4668-BE54-9A1E7A4F7556}") = "TN.DVDCentral.Blazor", "TN.DVDCentral.Blazor\TN.DVDCentral.Blazor.csproj", "{0F7B49D4-0E81-42ED-92D9-93869C2FD617}"
EndProject
Project("{FAE04EC0-301F-11D3-BF4B-00C04F79EFBC}") = "TN.DVDCentral.UWP", "TN.DVDCentral.UWP\TN.DVDCentral.UWP.csproj", "{04955EFC-FA3C-4D78-B567-3239F53BA61C}"
EndProject
Project("{FAE04EC0-301F-11D3-BF4B-00C04F79EFBC}") = "TN.UWP.BL.Models", "TN.UWP.BL.Models\TN.UWP.BL.Models.csproj", "{CB862DA4-B84F-46C0-995C-023FCD39FD47}"
EndProject
Project("{9A19103F-16F7-4668-BE54-9A1E7A4F7556}") = "WebAPIToken", "WebAPIToken\WebAPIToken.csproj", "{7A5F849B-5840-484A-918B-A92BBBA09845}"
EndProject
Project("{FAE04EC0-301F-11D3-BF4B-00C04F79EFBC}") = "PWA", "PWA\PWA.csproj", "{F7F80133-6823-482C-9DDA-26E9119F70BE}"
EndProject
Global
	GlobalSection(SolutionConfigurationPlatforms) = preSolution
		Debug|Any CPU = Debug|Any CPU
		Debug|ARM = Debug|ARM
		Debug|ARM64 = Debug|ARM64
		Debug|x64 = Debug|x64
		Debug|x86 = Debug|x86
		Release|Any CPU = Release|Any CPU
		Release|ARM = Release|ARM
		Release|ARM64 = Release|ARM64
		Release|x64 = Release|x64
		Release|x86 = Release|x86
	EndGlobalSection
	GlobalSection(ProjectConfigurationPlatforms) = postSolution
		{E709F047-D368-4475-A33A-C2C86A7A85A6}.Debug|Any CPU.ActiveCfg = Debug|Any CPU
		{E709F047-D368-4475-A33A-C2C86A7A85A6}.Debug|Any CPU.Build.0 = Debug|Any CPU
		{E709F047-D368-4475-A33A-C2C86A7A85A6}.Debug|ARM.ActiveCfg = Debug|Any CPU
		{E709F047-D368-4475-A33A-C2C86A7A85A6}.Debug|ARM.Build.0 = Debug|Any CPU
		{E709F047-D368-4475-A33A-C2C86A7A85A6}.Debug|ARM64.ActiveCfg = Debug|Any CPU
		{E709F047-D368-4475-A33A-C2C86A7A85A6}.Debug|ARM64.Build.0 = Debug|Any CPU
		{E709F047-D368-4475-A33A-C2C86A7A85A6}.Debug|x64.ActiveCfg = Debug|Any CPU
		{E709F047-D368-4475-A33A-C2C86A7A85A6}.Debug|x64.Build.0 = Debug|Any CPU
		{E709F047-D368-4475-A33A-C2C86A7A85A6}.Debug|x86.ActiveCfg = Debug|Any CPU
		{E709F047-D368-4475-A33A-C2C86A7A85A6}.Debug|x86.Build.0 = Debug|Any CPU
		{E709F047-D368-4475-A33A-C2C86A7A85A6}.Release|Any CPU.ActiveCfg = Release|Any CPU
		{E709F047-D368-4475-A33A-C2C86A7A85A6}.Release|Any CPU.Build.0 = Release|Any CPU
		{E709F047-D368-4475-A33A-C2C86A7A85A6}.Release|ARM.ActiveCfg = Release|Any CPU
		{E709F047-D368-4475-A33A-C2C86A7A85A6}.Release|ARM.Build.0 = Release|Any CPU
		{E709F047-D368-4475-A33A-C2C86A7A85A6}.Release|ARM64.ActiveCfg = Release|Any CPU
		{E709F047-D368-4475-A33A-C2C86A7A85A6}.Release|ARM64.Build.0 = Release|Any CPU
		{E709F047-D368-4475-A33A-C2C86A7A85A6}.Release|x64.ActiveCfg = Release|Any CPU
		{E709F047-D368-4475-A33A-C2C86A7A85A6}.Release|x64.Build.0 = Release|Any CPU
		{E709F047-D368-4475-A33A-C2C86A7A85A6}.Release|x86.ActiveCfg = Release|Any CPU
		{E709F047-D368-4475-A33A-C2C86A7A85A6}.Release|x86.Build.0 = Release|Any CPU
		{36B5BC03-5E73-4B0C-B106-433F784F6111}.Debug|Any CPU.ActiveCfg = Debug|Any CPU
		{36B5BC03-5E73-4B0C-B106-433F784F6111}.Debug|Any CPU.Build.0 = Debug|Any CPU
		{36B5BC03-5E73-4B0C-B106-433F784F6111}.Debug|Any CPU.Deploy.0 = Debug|Any CPU
		{36B5BC03-5E73-4B0C-B106-433F784F6111}.Debug|ARM.ActiveCfg = Debug|Any CPU
		{36B5BC03-5E73-4B0C-B106-433F784F6111}.Debug|ARM.Build.0 = Debug|Any CPU
		{36B5BC03-5E73-4B0C-B106-433F784F6111}.Debug|ARM.Deploy.0 = Debug|Any CPU
		{36B5BC03-5E73-4B0C-B106-433F784F6111}.Debug|ARM64.ActiveCfg = Debug|Any CPU
		{36B5BC03-5E73-4B0C-B106-433F784F6111}.Debug|ARM64.Build.0 = Debug|Any CPU
		{36B5BC03-5E73-4B0C-B106-433F784F6111}.Debug|ARM64.Deploy.0 = Debug|Any CPU
		{36B5BC03-5E73-4B0C-B106-433F784F6111}.Debug|x64.ActiveCfg = Debug|Any CPU
		{36B5BC03-5E73-4B0C-B106-433F784F6111}.Debug|x64.Build.0 = Debug|Any CPU
		{36B5BC03-5E73-4B0C-B106-433F784F6111}.Debug|x64.Deploy.0 = Debug|Any CPU
		{36B5BC03-5E73-4B0C-B106-433F784F6111}.Debug|x86.ActiveCfg = Debug|Any CPU
		{36B5BC03-5E73-4B0C-B106-433F784F6111}.Debug|x86.Build.0 = Debug|Any CPU
		{36B5BC03-5E73-4B0C-B106-433F784F6111}.Debug|x86.Deploy.0 = Debug|Any CPU
		{36B5BC03-5E73-4B0C-B106-433F784F6111}.Release|Any CPU.ActiveCfg = Release|Any CPU
		{36B5BC03-5E73-4B0C-B106-433F784F6111}.Release|Any CPU.Build.0 = Release|Any CPU
		{36B5BC03-5E73-4B0C-B106-433F784F6111}.Release|Any CPU.Deploy.0 = Release|Any CPU
		{36B5BC03-5E73-4B0C-B106-433F784F6111}.Release|ARM.ActiveCfg = Release|Any CPU
		{36B5BC03-5E73-4B0C-B106-433F784F6111}.Release|ARM.Build.0 = Release|Any CPU
		{36B5BC03-5E73-4B0C-B106-433F784F6111}.Release|ARM.Deploy.0 = Release|Any CPU
		{36B5BC03-5E73-4B0C-B106-433F784F6111}.Release|ARM64.ActiveCfg = Release|Any CPU
		{36B5BC03-5E73-4B0C-B106-433F784F6111}.Release|ARM64.Build.0 = Release|Any CPU
		{36B5BC03-5E73-4B0C-B106-433F784F6111}.Release|ARM64.Deploy.0 = Release|Any CPU
		{36B5BC03-5E73-4B0C-B106-433F784F6111}.Release|x64.ActiveCfg = Release|Any CPU
		{36B5BC03-5E73-4B0C-B106-433F784F6111}.Release|x64.Build.0 = Release|Any CPU
		{36B5BC03-5E73-4B0C-B106-433F784F6111}.Release|x64.Deploy.0 = Release|Any CPU
		{36B5BC03-5E73-4B0C-B106-433F784F6111}.Release|x86.ActiveCfg = Release|Any CPU
		{36B5BC03-5E73-4B0C-B106-433F784F6111}.Release|x86.Build.0 = Release|Any CPU
		{36B5BC03-5E73-4B0C-B106-433F784F6111}.Release|x86.Deploy.0 = Release|Any CPU
		{A2EAB7E3-E7B9-442D-B661-34804396CFA2}.Debug|Any CPU.ActiveCfg = Debug|Any CPU
		{A2EAB7E3-E7B9-442D-B661-34804396CFA2}.Debug|Any CPU.Build.0 = Debug|Any CPU
		{A2EAB7E3-E7B9-442D-B661-34804396CFA2}.Debug|ARM.ActiveCfg = Debug|Any CPU
		{A2EAB7E3-E7B9-442D-B661-34804396CFA2}.Debug|ARM.Build.0 = Debug|Any CPU
		{A2EAB7E3-E7B9-442D-B661-34804396CFA2}.Debug|ARM64.ActiveCfg = Debug|Any CPU
		{A2EAB7E3-E7B9-442D-B661-34804396CFA2}.Debug|ARM64.Build.0 = Debug|Any CPU
		{A2EAB7E3-E7B9-442D-B661-34804396CFA2}.Debug|x64.ActiveCfg = Debug|Any CPU
		{A2EAB7E3-E7B9-442D-B661-34804396CFA2}.Debug|x64.Build.0 = Debug|Any CPU
		{A2EAB7E3-E7B9-442D-B661-34804396CFA2}.Debug|x86.ActiveCfg = Debug|Any CPU
		{A2EAB7E3-E7B9-442D-B661-34804396CFA2}.Debug|x86.Build.0 = Debug|Any CPU
		{A2EAB7E3-E7B9-442D-B661-34804396CFA2}.Release|Any CPU.ActiveCfg = Release|Any CPU
		{A2EAB7E3-E7B9-442D-B661-34804396CFA2}.Release|Any CPU.Build.0 = Release|Any CPU
		{A2EAB7E3-E7B9-442D-B661-34804396CFA2}.Release|ARM.ActiveCfg = Release|Any CPU
		{A2EAB7E3-E7B9-442D-B661-34804396CFA2}.Release|ARM.Build.0 = Release|Any CPU
		{A2EAB7E3-E7B9-442D-B661-34804396CFA2}.Release|ARM64.ActiveCfg = Release|Any CPU
		{A2EAB7E3-E7B9-442D-B661-34804396CFA2}.Release|ARM64.Build.0 = Release|Any CPU
		{A2EAB7E3-E7B9-442D-B661-34804396CFA2}.Release|x64.ActiveCfg = Release|Any CPU
		{A2EAB7E3-E7B9-442D-B661-34804396CFA2}.Release|x64.Build.0 = Release|Any CPU
		{A2EAB7E3-E7B9-442D-B661-34804396CFA2}.Release|x86.ActiveCfg = Release|Any CPU
		{A2EAB7E3-E7B9-442D-B661-34804396CFA2}.Release|x86.Build.0 = Release|Any CPU
		{AC8AA007-69D5-4FF2-A0C2-D4546043E073}.Debug|Any CPU.ActiveCfg = Debug|Any CPU
		{AC8AA007-69D5-4FF2-A0C2-D4546043E073}.Debug|Any CPU.Build.0 = Debug|Any CPU
		{AC8AA007-69D5-4FF2-A0C2-D4546043E073}.Debug|ARM.ActiveCfg = Debug|Any CPU
		{AC8AA007-69D5-4FF2-A0C2-D4546043E073}.Debug|ARM.Build.0 = Debug|Any CPU
		{AC8AA007-69D5-4FF2-A0C2-D4546043E073}.Debug|ARM64.ActiveCfg = Debug|Any CPU
		{AC8AA007-69D5-4FF2-A0C2-D4546043E073}.Debug|ARM64.Build.0 = Debug|Any CPU
		{AC8AA007-69D5-4FF2-A0C2-D4546043E073}.Debug|x64.ActiveCfg = Debug|Any CPU
		{AC8AA007-69D5-4FF2-A0C2-D4546043E073}.Debug|x64.Build.0 = Debug|Any CPU
		{AC8AA007-69D5-4FF2-A0C2-D4546043E073}.Debug|x86.ActiveCfg = Debug|Any CPU
		{AC8AA007-69D5-4FF2-A0C2-D4546043E073}.Debug|x86.Build.0 = Debug|Any CPU
		{AC8AA007-69D5-4FF2-A0C2-D4546043E073}.Release|Any CPU.ActiveCfg = Release|Any CPU
		{AC8AA007-69D5-4FF2-A0C2-D4546043E073}.Release|Any CPU.Build.0 = Release|Any CPU
		{AC8AA007-69D5-4FF2-A0C2-D4546043E073}.Release|ARM.ActiveCfg = Release|Any CPU
		{AC8AA007-69D5-4FF2-A0C2-D4546043E073}.Release|ARM.Build.0 = Release|Any CPU
		{AC8AA007-69D5-4FF2-A0C2-D4546043E073}.Release|ARM64.ActiveCfg = Release|Any CPU
		{AC8AA007-69D5-4FF2-A0C2-D4546043E073}.Release|ARM64.Build.0 = Release|Any CPU
		{AC8AA007-69D5-4FF2-A0C2-D4546043E073}.Release|x64.ActiveCfg = Release|Any CPU
		{AC8AA007-69D5-4FF2-A0C2-D4546043E073}.Release|x64.Build.0 = Release|Any CPU
		{AC8AA007-69D5-4FF2-A0C2-D4546043E073}.Release|x86.ActiveCfg = Release|Any CPU
		{AC8AA007-69D5-4FF2-A0C2-D4546043E073}.Release|x86.Build.0 = Release|Any CPU
		{E71BD162-CDDE-4C37-9C74-34D6992CE041}.Debug|Any CPU.ActiveCfg = Debug|Any CPU
		{E71BD162-CDDE-4C37-9C74-34D6992CE041}.Debug|Any CPU.Build.0 = Debug|Any CPU
		{E71BD162-CDDE-4C37-9C74-34D6992CE041}.Debug|ARM.ActiveCfg = Debug|Any CPU
		{E71BD162-CDDE-4C37-9C74-34D6992CE041}.Debug|ARM.Build.0 = Debug|Any CPU
		{E71BD162-CDDE-4C37-9C74-34D6992CE041}.Debug|ARM64.ActiveCfg = Debug|Any CPU
		{E71BD162-CDDE-4C37-9C74-34D6992CE041}.Debug|ARM64.Build.0 = Debug|Any CPU
		{E71BD162-CDDE-4C37-9C74-34D6992CE041}.Debug|x64.ActiveCfg = Debug|Any CPU
		{E71BD162-CDDE-4C37-9C74-34D6992CE041}.Debug|x64.Build.0 = Debug|Any CPU
		{E71BD162-CDDE-4C37-9C74-34D6992CE041}.Debug|x86.ActiveCfg = Debug|Any CPU
		{E71BD162-CDDE-4C37-9C74-34D6992CE041}.Debug|x86.Build.0 = Debug|Any CPU
		{E71BD162-CDDE-4C37-9C74-34D6992CE041}.Release|Any CPU.ActiveCfg = Release|Any CPU
		{E71BD162-CDDE-4C37-9C74-34D6992CE041}.Release|Any CPU.Build.0 = Release|Any CPU
		{E71BD162-CDDE-4C37-9C74-34D6992CE041}.Release|ARM.ActiveCfg = Release|Any CPU
		{E71BD162-CDDE-4C37-9C74-34D6992CE041}.Release|ARM.Build.0 = Release|Any CPU
		{E71BD162-CDDE-4C37-9C74-34D6992CE041}.Release|ARM64.ActiveCfg = Release|Any CPU
		{E71BD162-CDDE-4C37-9C74-34D6992CE041}.Release|ARM64.Build.0 = Release|Any CPU
		{E71BD162-CDDE-4C37-9C74-34D6992CE041}.Release|x64.ActiveCfg = Release|Any CPU
		{E71BD162-CDDE-4C37-9C74-34D6992CE041}.Release|x64.Build.0 = Release|Any CPU
		{E71BD162-CDDE-4C37-9C74-34D6992CE041}.Release|x86.ActiveCfg = Release|Any CPU
		{E71BD162-CDDE-4C37-9C74-34D6992CE041}.Release|x86.Build.0 = Release|Any CPU
		{2305BF87-B9A3-4745-9FB3-180B5E7CC91A}.Debug|Any CPU.ActiveCfg = Debug|Any CPU
		{2305BF87-B9A3-4745-9FB3-180B5E7CC91A}.Debug|Any CPU.Build.0 = Debug|Any CPU
		{2305BF87-B9A3-4745-9FB3-180B5E7CC91A}.Debug|ARM.ActiveCfg = Debug|Any CPU
		{2305BF87-B9A3-4745-9FB3-180B5E7CC91A}.Debug|ARM.Build.0 = Debug|Any CPU
		{2305BF87-B9A3-4745-9FB3-180B5E7CC91A}.Debug|ARM64.ActiveCfg = Debug|Any CPU
		{2305BF87-B9A3-4745-9FB3-180B5E7CC91A}.Debug|ARM64.Build.0 = Debug|Any CPU
		{2305BF87-B9A3-4745-9FB3-180B5E7CC91A}.Debug|x64.ActiveCfg = Debug|Any CPU
		{2305BF87-B9A3-4745-9FB3-180B5E7CC91A}.Debug|x64.Build.0 = Debug|Any CPU
		{2305BF87-B9A3-4745-9FB3-180B5E7CC91A}.Debug|x86.ActiveCfg = Debug|Any CPU
		{2305BF87-B9A3-4745-9FB3-180B5E7CC91A}.Debug|x86.Build.0 = Debug|Any CPU
		{2305BF87-B9A3-4745-9FB3-180B5E7CC91A}.Release|Any CPU.ActiveCfg = Release|Any CPU
		{2305BF87-B9A3-4745-9FB3-180B5E7CC91A}.Release|Any CPU.Build.0 = Release|Any CPU
		{2305BF87-B9A3-4745-9FB3-180B5E7CC91A}.Release|ARM.ActiveCfg = Release|Any CPU
		{2305BF87-B9A3-4745-9FB3-180B5E7CC91A}.Release|ARM.Build.0 = Release|Any CPU
		{2305BF87-B9A3-4745-9FB3-180B5E7CC91A}.Release|ARM64.ActiveCfg = Release|Any CPU
		{2305BF87-B9A3-4745-9FB3-180B5E7CC91A}.Release|ARM64.Build.0 = Release|Any CPU
		{2305BF87-B9A3-4745-9FB3-180B5E7CC91A}.Release|x64.ActiveCfg = Release|Any CPU
		{2305BF87-B9A3-4745-9FB3-180B5E7CC91A}.Release|x64.Build.0 = Release|Any CPU
		{2305BF87-B9A3-4745-9FB3-180B5E7CC91A}.Release|x86.ActiveCfg = Release|Any CPU
		{2305BF87-B9A3-4745-9FB3-180B5E7CC91A}.Release|x86.Build.0 = Release|Any CPU
		{2CB20F01-0BFF-4166-847D-2A1073C78AA3}.Debug|Any CPU.ActiveCfg = Debug|Any CPU
		{2CB20F01-0BFF-4166-847D-2A1073C78AA3}.Debug|Any CPU.Build.0 = Debug|Any CPU
		{2CB20F01-0BFF-4166-847D-2A1073C78AA3}.Debug|ARM.ActiveCfg = Debug|Any CPU
		{2CB20F01-0BFF-4166-847D-2A1073C78AA3}.Debug|ARM.Build.0 = Debug|Any CPU
		{2CB20F01-0BFF-4166-847D-2A1073C78AA3}.Debug|ARM64.ActiveCfg = Debug|Any CPU
		{2CB20F01-0BFF-4166-847D-2A1073C78AA3}.Debug|ARM64.Build.0 = Debug|Any CPU
		{2CB20F01-0BFF-4166-847D-2A1073C78AA3}.Debug|x64.ActiveCfg = Debug|Any CPU
		{2CB20F01-0BFF-4166-847D-2A1073C78AA3}.Debug|x64.Build.0 = Debug|Any CPU
		{2CB20F01-0BFF-4166-847D-2A1073C78AA3}.Debug|x86.ActiveCfg = Debug|Any CPU
		{2CB20F01-0BFF-4166-847D-2A1073C78AA3}.Debug|x86.Build.0 = Debug|Any CPU
		{2CB20F01-0BFF-4166-847D-2A1073C78AA3}.Release|Any CPU.ActiveCfg = Release|Any CPU
		{2CB20F01-0BFF-4166-847D-2A1073C78AA3}.Release|Any CPU.Build.0 = Release|Any CPU
		{2CB20F01-0BFF-4166-847D-2A1073C78AA3}.Release|ARM.ActiveCfg = Release|Any CPU
		{2CB20F01-0BFF-4166-847D-2A1073C78AA3}.Release|ARM.Build.0 = Release|Any CPU
		{2CB20F01-0BFF-4166-847D-2A1073C78AA3}.Release|ARM64.ActiveCfg = Release|Any CPU
		{2CB20F01-0BFF-4166-847D-2A1073C78AA3}.Release|ARM64.Build.0 = Release|Any CPU
		{2CB20F01-0BFF-4166-847D-2A1073C78AA3}.Release|x64.ActiveCfg = Release|Any CPU
		{2CB20F01-0BFF-4166-847D-2A1073C78AA3}.Release|x64.Build.0 = Release|Any CPU
		{2CB20F01-0BFF-4166-847D-2A1073C78AA3}.Release|x86.ActiveCfg = Release|Any CPU
		{2CB20F01-0BFF-4166-847D-2A1073C78AA3}.Release|x86.Build.0 = Release|Any CPU
		{5576E436-9659-4F1E-819B-F2FDED60A7AC}.Debug|Any CPU.ActiveCfg = Debug|Any CPU
		{5576E436-9659-4F1E-819B-F2FDED60A7AC}.Debug|Any CPU.Build.0 = Debug|Any CPU
		{5576E436-9659-4F1E-819B-F2FDED60A7AC}.Debug|ARM.ActiveCfg = Debug|Any CPU
		{5576E436-9659-4F1E-819B-F2FDED60A7AC}.Debug|ARM64.ActiveCfg = Debug|Any CPU
		{5576E436-9659-4F1E-819B-F2FDED60A7AC}.Debug|x64.ActiveCfg = Debug|Any CPU
		{5576E436-9659-4F1E-819B-F2FDED60A7AC}.Debug|x86.ActiveCfg = Debug|Any CPU
		{5576E436-9659-4F1E-819B-F2FDED60A7AC}.Release|Any CPU.ActiveCfg = Release|Any CPU
		{5576E436-9659-4F1E-819B-F2FDED60A7AC}.Release|Any CPU.Build.0 = Release|Any CPU
		{5576E436-9659-4F1E-819B-F2FDED60A7AC}.Release|ARM.ActiveCfg = Release|Any CPU
		{5576E436-9659-4F1E-819B-F2FDED60A7AC}.Release|ARM64.ActiveCfg = Release|Any CPU
		{5576E436-9659-4F1E-819B-F2FDED60A7AC}.Release|x64.ActiveCfg = Release|Any CPU
		{5576E436-9659-4F1E-819B-F2FDED60A7AC}.Release|x86.ActiveCfg = Release|Any CPU
		{649B588F-3B80-4CFD-B0D7-F39A82FC974E}.Debug|Any CPU.ActiveCfg = Debug|Any CPU
		{649B588F-3B80-4CFD-B0D7-F39A82FC974E}.Debug|Any CPU.Build.0 = Debug|Any CPU
		{649B588F-3B80-4CFD-B0D7-F39A82FC974E}.Debug|ARM.ActiveCfg = Debug|Any CPU
		{649B588F-3B80-4CFD-B0D7-F39A82FC974E}.Debug|ARM.Build.0 = Debug|Any CPU
		{649B588F-3B80-4CFD-B0D7-F39A82FC974E}.Debug|ARM64.ActiveCfg = Debug|Any CPU
		{649B588F-3B80-4CFD-B0D7-F39A82FC974E}.Debug|ARM64.Build.0 = Debug|Any CPU
		{649B588F-3B80-4CFD-B0D7-F39A82FC974E}.Debug|x64.ActiveCfg = Debug|Any CPU
		{649B588F-3B80-4CFD-B0D7-F39A82FC974E}.Debug|x64.Build.0 = Debug|Any CPU
		{649B588F-3B80-4CFD-B0D7-F39A82FC974E}.Debug|x86.ActiveCfg = Debug|Any CPU
		{649B588F-3B80-4CFD-B0D7-F39A82FC974E}.Debug|x86.Build.0 = Debug|Any CPU
		{649B588F-3B80-4CFD-B0D7-F39A82FC974E}.Release|Any CPU.ActiveCfg = Release|Any CPU
		{649B588F-3B80-4CFD-B0D7-F39A82FC974E}.Release|Any CPU.Build.0 = Release|Any CPU
		{649B588F-3B80-4CFD-B0D7-F39A82FC974E}.Release|ARM.ActiveCfg = Release|Any CPU
		{649B588F-3B80-4CFD-B0D7-F39A82FC974E}.Release|ARM.Build.0 = Release|Any CPU
		{649B588F-3B80-4CFD-B0D7-F39A82FC974E}.Release|ARM64.ActiveCfg = Release|Any CPU
		{649B588F-3B80-4CFD-B0D7-F39A82FC974E}.Release|ARM64.Build.0 = Release|Any CPU
		{649B588F-3B80-4CFD-B0D7-F39A82FC974E}.Release|x64.ActiveCfg = Release|Any CPU
		{649B588F-3B80-4CFD-B0D7-F39A82FC974E}.Release|x64.Build.0 = Release|Any CPU
		{649B588F-3B80-4CFD-B0D7-F39A82FC974E}.Release|x86.ActiveCfg = Release|Any CPU
		{649B588F-3B80-4CFD-B0D7-F39A82FC974E}.Release|x86.Build.0 = Release|Any CPU
		{341AEA4C-57F5-4B1C-B977-981C93EB93D3}.Debug|Any CPU.ActiveCfg = Debug|Any CPU
		{341AEA4C-57F5-4B1C-B977-981C93EB93D3}.Debug|Any CPU.Build.0 = Debug|Any CPU
		{341AEA4C-57F5-4B1C-B977-981C93EB93D3}.Debug|ARM.ActiveCfg = Debug|Any CPU
		{341AEA4C-57F5-4B1C-B977-981C93EB93D3}.Debug|ARM.Build.0 = Debug|Any CPU
		{341AEA4C-57F5-4B1C-B977-981C93EB93D3}.Debug|ARM64.ActiveCfg = Debug|Any CPU
		{341AEA4C-57F5-4B1C-B977-981C93EB93D3}.Debug|ARM64.Build.0 = Debug|Any CPU
		{341AEA4C-57F5-4B1C-B977-981C93EB93D3}.Debug|x64.ActiveCfg = Debug|Any CPU
		{341AEA4C-57F5-4B1C-B977-981C93EB93D3}.Debug|x64.Build.0 = Debug|Any CPU
		{341AEA4C-57F5-4B1C-B977-981C93EB93D3}.Debug|x86.ActiveCfg = Debug|Any CPU
		{341AEA4C-57F5-4B1C-B977-981C93EB93D3}.Debug|x86.Build.0 = Debug|Any CPU
		{341AEA4C-57F5-4B1C-B977-981C93EB93D3}.Release|Any CPU.ActiveCfg = Release|Any CPU
		{341AEA4C-57F5-4B1C-B977-981C93EB93D3}.Release|Any CPU.Build.0 = Release|Any CPU
		{341AEA4C-57F5-4B1C-B977-981C93EB93D3}.Release|ARM.ActiveCfg = Release|Any CPU
		{341AEA4C-57F5-4B1C-B977-981C93EB93D3}.Release|ARM.Build.0 = Release|Any CPU
		{341AEA4C-57F5-4B1C-B977-981C93EB93D3}.Release|ARM64.ActiveCfg = Release|Any CPU
		{341AEA4C-57F5-4B1C-B977-981C93EB93D3}.Release|ARM64.Build.0 = Release|Any CPU
		{341AEA4C-57F5-4B1C-B977-981C93EB93D3}.Release|x64.ActiveCfg = Release|Any CPU
		{341AEA4C-57F5-4B1C-B977-981C93EB93D3}.Release|x64.Build.0 = Release|Any CPU
		{341AEA4C-57F5-4B1C-B977-981C93EB93D3}.Release|x86.ActiveCfg = Release|Any CPU
		{341AEA4C-57F5-4B1C-B977-981C93EB93D3}.Release|x86.Build.0 = Release|Any CPU
		{B75FFCD6-AFCA-48A2-89E1-0CE8B243668F}.Debug|Any CPU.ActiveCfg = Debug|Any CPU
		{B75FFCD6-AFCA-48A2-89E1-0CE8B243668F}.Debug|Any CPU.Build.0 = Debug|Any CPU
		{B75FFCD6-AFCA-48A2-89E1-0CE8B243668F}.Debug|ARM.ActiveCfg = Debug|Any CPU
		{B75FFCD6-AFCA-48A2-89E1-0CE8B243668F}.Debug|ARM.Build.0 = Debug|Any CPU
		{B75FFCD6-AFCA-48A2-89E1-0CE8B243668F}.Debug|ARM64.ActiveCfg = Debug|Any CPU
		{B75FFCD6-AFCA-48A2-89E1-0CE8B243668F}.Debug|ARM64.Build.0 = Debug|Any CPU
		{B75FFCD6-AFCA-48A2-89E1-0CE8B243668F}.Debug|x64.ActiveCfg = Debug|Any CPU
		{B75FFCD6-AFCA-48A2-89E1-0CE8B243668F}.Debug|x64.Build.0 = Debug|Any CPU
		{B75FFCD6-AFCA-48A2-89E1-0CE8B243668F}.Debug|x86.ActiveCfg = Debug|Any CPU
		{B75FFCD6-AFCA-48A2-89E1-0CE8B243668F}.Debug|x86.Build.0 = Debug|Any CPU
		{B75FFCD6-AFCA-48A2-89E1-0CE8B243668F}.Release|Any CPU.ActiveCfg = Release|Any CPU
		{B75FFCD6-AFCA-48A2-89E1-0CE8B243668F}.Release|Any CPU.Build.0 = Release|Any CPU
		{B75FFCD6-AFCA-48A2-89E1-0CE8B243668F}.Release|ARM.ActiveCfg = Release|Any CPU
		{B75FFCD6-AFCA-48A2-89E1-0CE8B243668F}.Release|ARM.Build.0 = Release|Any CPU
		{B75FFCD6-AFCA-48A2-89E1-0CE8B243668F}.Release|ARM64.ActiveCfg = Release|Any CPU
		{B75FFCD6-AFCA-48A2-89E1-0CE8B243668F}.Release|ARM64.Build.0 = Release|Any CPU
		{B75FFCD6-AFCA-48A2-89E1-0CE8B243668F}.Release|x64.ActiveCfg = Release|Any CPU
		{B75FFCD6-AFCA-48A2-89E1-0CE8B243668F}.Release|x64.Build.0 = Release|Any CPU
		{B75FFCD6-AFCA-48A2-89E1-0CE8B243668F}.Release|x86.ActiveCfg = Release|Any CPU
		{B75FFCD6-AFCA-48A2-89E1-0CE8B243668F}.Release|x86.Build.0 = Release|Any CPU
		{A15BE03C-D469-4814-8B85-2830E277D46E}.Debug|Any CPU.ActiveCfg = Debug|Any CPU
		{A15BE03C-D469-4814-8B85-2830E277D46E}.Debug|Any CPU.Build.0 = Debug|Any CPU
		{A15BE03C-D469-4814-8B85-2830E277D46E}.Debug|ARM.ActiveCfg = Debug|Any CPU
		{A15BE03C-D469-4814-8B85-2830E277D46E}.Debug|ARM.Build.0 = Debug|Any CPU
		{A15BE03C-D469-4814-8B85-2830E277D46E}.Debug|ARM64.ActiveCfg = Debug|Any CPU
		{A15BE03C-D469-4814-8B85-2830E277D46E}.Debug|ARM64.Build.0 = Debug|Any CPU
		{A15BE03C-D469-4814-8B85-2830E277D46E}.Debug|x64.ActiveCfg = Debug|Any CPU
		{A15BE03C-D469-4814-8B85-2830E277D46E}.Debug|x64.Build.0 = Debug|Any CPU
		{A15BE03C-D469-4814-8B85-2830E277D46E}.Debug|x86.ActiveCfg = Debug|Any CPU
		{A15BE03C-D469-4814-8B85-2830E277D46E}.Debug|x86.Build.0 = Debug|Any CPU
		{A15BE03C-D469-4814-8B85-2830E277D46E}.Release|Any CPU.ActiveCfg = Release|Any CPU
		{A15BE03C-D469-4814-8B85-2830E277D46E}.Release|Any CPU.Build.0 = Release|Any CPU
		{A15BE03C-D469-4814-8B85-2830E277D46E}.Release|ARM.ActiveCfg = Release|Any CPU
		{A15BE03C-D469-4814-8B85-2830E277D46E}.Release|ARM.Build.0 = Release|Any CPU
		{A15BE03C-D469-4814-8B85-2830E277D46E}.Release|ARM64.ActiveCfg = Release|Any CPU
		{A15BE03C-D469-4814-8B85-2830E277D46E}.Release|ARM64.Build.0 = Release|Any CPU
		{A15BE03C-D469-4814-8B85-2830E277D46E}.Release|x64.ActiveCfg = Release|Any CPU
		{A15BE03C-D469-4814-8B85-2830E277D46E}.Release|x64.Build.0 = Release|Any CPU
		{A15BE03C-D469-4814-8B85-2830E277D46E}.Release|x86.ActiveCfg = Release|Any CPU
		{A15BE03C-D469-4814-8B85-2830E277D46E}.Release|x86.Build.0 = Release|Any CPU
		{EFCC75AC-9E13-4A81-8E10-CEB3346B1476}.Debug|Any CPU.ActiveCfg = Debug|Any CPU
		{EFCC75AC-9E13-4A81-8E10-CEB3346B1476}.Debug|Any CPU.Build.0 = Debug|Any CPU
		{EFCC75AC-9E13-4A81-8E10-CEB3346B1476}.Debug|ARM.ActiveCfg = Debug|Any CPU
		{EFCC75AC-9E13-4A81-8E10-CEB3346B1476}.Debug|ARM.Build.0 = Debug|Any CPU
		{EFCC75AC-9E13-4A81-8E10-CEB3346B1476}.Debug|ARM64.ActiveCfg = Debug|Any CPU
		{EFCC75AC-9E13-4A81-8E10-CEB3346B1476}.Debug|ARM64.Build.0 = Debug|Any CPU
		{EFCC75AC-9E13-4A81-8E10-CEB3346B1476}.Debug|x64.ActiveCfg = Debug|Any CPU
		{EFCC75AC-9E13-4A81-8E10-CEB3346B1476}.Debug|x64.Build.0 = Debug|Any CPU
		{EFCC75AC-9E13-4A81-8E10-CEB3346B1476}.Debug|x86.ActiveCfg = Debug|Any CPU
		{EFCC75AC-9E13-4A81-8E10-CEB3346B1476}.Debug|x86.Build.0 = Debug|Any CPU
		{EFCC75AC-9E13-4A81-8E10-CEB3346B1476}.Release|Any CPU.ActiveCfg = Release|Any CPU
		{EFCC75AC-9E13-4A81-8E10-CEB3346B1476}.Release|Any CPU.Build.0 = Release|Any CPU
		{EFCC75AC-9E13-4A81-8E10-CEB3346B1476}.Release|ARM.ActiveCfg = Release|Any CPU
		{EFCC75AC-9E13-4A81-8E10-CEB3346B1476}.Release|ARM.Build.0 = Release|Any CPU
		{EFCC75AC-9E13-4A81-8E10-CEB3346B1476}.Release|ARM64.ActiveCfg = Release|Any CPU
		{EFCC75AC-9E13-4A81-8E10-CEB3346B1476}.Release|ARM64.Build.0 = Release|Any CPU
		{EFCC75AC-9E13-4A81-8E10-CEB3346B1476}.Release|x64.ActiveCfg = Release|Any CPU
		{EFCC75AC-9E13-4A81-8E10-CEB3346B1476}.Release|x64.Build.0 = Release|Any CPU
		{EFCC75AC-9E13-4A81-8E10-CEB3346B1476}.Release|x86.ActiveCfg = Release|Any CPU
		{EFCC75AC-9E13-4A81-8E10-CEB3346B1476}.Release|x86.Build.0 = Release|Any CPU
		{46F8D85A-D299-4EB9-92BE-5C4CA4C8AD7D}.Debug|Any CPU.ActiveCfg = Debug|Any CPU
		{46F8D85A-D299-4EB9-92BE-5C4CA4C8AD7D}.Debug|Any CPU.Build.0 = Debug|Any CPU
		{46F8D85A-D299-4EB9-92BE-5C4CA4C8AD7D}.Debug|ARM.ActiveCfg = Debug|Any CPU
		{46F8D85A-D299-4EB9-92BE-5C4CA4C8AD7D}.Debug|ARM.Build.0 = Debug|Any CPU
		{46F8D85A-D299-4EB9-92BE-5C4CA4C8AD7D}.Debug|ARM64.ActiveCfg = Debug|Any CPU
		{46F8D85A-D299-4EB9-92BE-5C4CA4C8AD7D}.Debug|ARM64.Build.0 = Debug|Any CPU
		{46F8D85A-D299-4EB9-92BE-5C4CA4C8AD7D}.Debug|x64.ActiveCfg = Debug|Any CPU
		{46F8D85A-D299-4EB9-92BE-5C4CA4C8AD7D}.Debug|x64.Build.0 = Debug|Any CPU
		{46F8D85A-D299-4EB9-92BE-5C4CA4C8AD7D}.Debug|x86.ActiveCfg = Debug|Any CPU
		{46F8D85A-D299-4EB9-92BE-5C4CA4C8AD7D}.Debug|x86.Build.0 = Debug|Any CPU
		{46F8D85A-D299-4EB9-92BE-5C4CA4C8AD7D}.Release|Any CPU.ActiveCfg = Release|Any CPU
		{46F8D85A-D299-4EB9-92BE-5C4CA4C8AD7D}.Release|Any CPU.Build.0 = Release|Any CPU
		{46F8D85A-D299-4EB9-92BE-5C4CA4C8AD7D}.Release|ARM.ActiveCfg = Release|Any CPU
		{46F8D85A-D299-4EB9-92BE-5C4CA4C8AD7D}.Release|ARM.Build.0 = Release|Any CPU
		{46F8D85A-D299-4EB9-92BE-5C4CA4C8AD7D}.Release|ARM64.ActiveCfg = Release|Any CPU
		{46F8D85A-D299-4EB9-92BE-5C4CA4C8AD7D}.Release|ARM64.Build.0 = Release|Any CPU
		{46F8D85A-D299-4EB9-92BE-5C4CA4C8AD7D}.Release|x64.ActiveCfg = Release|Any CPU
		{46F8D85A-D299-4EB9-92BE-5C4CA4C8AD7D}.Release|x64.Build.0 = Release|Any CPU
		{46F8D85A-D299-4EB9-92BE-5C4CA4C8AD7D}.Release|x86.ActiveCfg = Release|Any CPU
		{46F8D85A-D299-4EB9-92BE-5C4CA4C8AD7D}.Release|x86.Build.0 = Release|Any CPU
		{95F0CEC3-72BC-463C-9D05-000CA8DF2A8E}.Debug|Any CPU.ActiveCfg = Debug|Any CPU
		{95F0CEC3-72BC-463C-9D05-000CA8DF2A8E}.Debug|Any CPU.Build.0 = Debug|Any CPU
		{95F0CEC3-72BC-463C-9D05-000CA8DF2A8E}.Debug|ARM.ActiveCfg = Debug|Any CPU
		{95F0CEC3-72BC-463C-9D05-000CA8DF2A8E}.Debug|ARM.Build.0 = Debug|Any CPU
		{95F0CEC3-72BC-463C-9D05-000CA8DF2A8E}.Debug|ARM64.ActiveCfg = Debug|Any CPU
		{95F0CEC3-72BC-463C-9D05-000CA8DF2A8E}.Debug|ARM64.Build.0 = Debug|Any CPU
		{95F0CEC3-72BC-463C-9D05-000CA8DF2A8E}.Debug|x64.ActiveCfg = Debug|Any CPU
		{95F0CEC3-72BC-463C-9D05-000CA8DF2A8E}.Debug|x64.Build.0 = Debug|Any CPU
		{95F0CEC3-72BC-463C-9D05-000CA8DF2A8E}.Debug|x86.ActiveCfg = Debug|Any CPU
		{95F0CEC3-72BC-463C-9D05-000CA8DF2A8E}.Debug|x86.Build.0 = Debug|Any CPU
		{95F0CEC3-72BC-463C-9D05-000CA8DF2A8E}.Release|Any CPU.ActiveCfg = Release|Any CPU
		{95F0CEC3-72BC-463C-9D05-000CA8DF2A8E}.Release|Any CPU.Build.0 = Release|Any CPU
		{95F0CEC3-72BC-463C-9D05-000CA8DF2A8E}.Release|ARM.ActiveCfg = Release|Any CPU
		{95F0CEC3-72BC-463C-9D05-000CA8DF2A8E}.Release|ARM.Build.0 = Release|Any CPU
		{95F0CEC3-72BC-463C-9D05-000CA8DF2A8E}.Release|ARM64.ActiveCfg = Release|Any CPU
		{95F0CEC3-72BC-463C-9D05-000CA8DF2A8E}.Release|ARM64.Build.0 = Release|Any CPU
		{95F0CEC3-72BC-463C-9D05-000CA8DF2A8E}.Release|x64.ActiveCfg = Release|Any CPU
		{95F0CEC3-72BC-463C-9D05-000CA8DF2A8E}.Release|x64.Build.0 = Release|Any CPU
		{95F0CEC3-72BC-463C-9D05-000CA8DF2A8E}.Release|x86.ActiveCfg = Release|Any CPU
		{95F0CEC3-72BC-463C-9D05-000CA8DF2A8E}.Release|x86.Build.0 = Release|Any CPU
		{04E74D59-29A2-4653-993D-3A112C0C5F35}.Debug|Any CPU.ActiveCfg = Debug|Any CPU
		{04E74D59-29A2-4653-993D-3A112C0C5F35}.Debug|Any CPU.Build.0 = Debug|Any CPU
		{04E74D59-29A2-4653-993D-3A112C0C5F35}.Debug|ARM.ActiveCfg = Debug|Any CPU
		{04E74D59-29A2-4653-993D-3A112C0C5F35}.Debug|ARM.Build.0 = Debug|Any CPU
		{04E74D59-29A2-4653-993D-3A112C0C5F35}.Debug|ARM64.ActiveCfg = Debug|Any CPU
		{04E74D59-29A2-4653-993D-3A112C0C5F35}.Debug|ARM64.Build.0 = Debug|Any CPU
		{04E74D59-29A2-4653-993D-3A112C0C5F35}.Debug|x64.ActiveCfg = Debug|Any CPU
		{04E74D59-29A2-4653-993D-3A112C0C5F35}.Debug|x64.Build.0 = Debug|Any CPU
		{04E74D59-29A2-4653-993D-3A112C0C5F35}.Debug|x86.ActiveCfg = Debug|Any CPU
		{04E74D59-29A2-4653-993D-3A112C0C5F35}.Debug|x86.Build.0 = Debug|Any CPU
		{04E74D59-29A2-4653-993D-3A112C0C5F35}.Release|Any CPU.ActiveCfg = Release|Any CPU
		{04E74D59-29A2-4653-993D-3A112C0C5F35}.Release|Any CPU.Build.0 = Release|Any CPU
		{04E74D59-29A2-4653-993D-3A112C0C5F35}.Release|ARM.ActiveCfg = Release|Any CPU
		{04E74D59-29A2-4653-993D-3A112C0C5F35}.Release|ARM.Build.0 = Release|Any CPU
		{04E74D59-29A2-4653-993D-3A112C0C5F35}.Release|ARM64.ActiveCfg = Release|Any CPU
		{04E74D59-29A2-4653-993D-3A112C0C5F35}.Release|ARM64.Build.0 = Release|Any CPU
		{04E74D59-29A2-4653-993D-3A112C0C5F35}.Release|x64.ActiveCfg = Release|Any CPU
		{04E74D59-29A2-4653-993D-3A112C0C5F35}.Release|x64.Build.0 = Release|Any CPU
		{04E74D59-29A2-4653-993D-3A112C0C5F35}.Release|x86.ActiveCfg = Release|Any CPU
		{04E74D59-29A2-4653-993D-3A112C0C5F35}.Release|x86.Build.0 = Release|Any CPU
		{44664F5E-11E2-402A-8EC3-FA353E0FA126}.Debug|Any CPU.ActiveCfg = Debug|Any CPU
		{44664F5E-11E2-402A-8EC3-FA353E0FA126}.Debug|Any CPU.Build.0 = Debug|Any CPU
		{44664F5E-11E2-402A-8EC3-FA353E0FA126}.Debug|ARM.ActiveCfg = Debug|Any CPU
		{44664F5E-11E2-402A-8EC3-FA353E0FA126}.Debug|ARM.Build.0 = Debug|Any CPU
		{44664F5E-11E2-402A-8EC3-FA353E0FA126}.Debug|ARM64.ActiveCfg = Debug|Any CPU
		{44664F5E-11E2-402A-8EC3-FA353E0FA126}.Debug|ARM64.Build.0 = Debug|Any CPU
		{44664F5E-11E2-402A-8EC3-FA353E0FA126}.Debug|x64.ActiveCfg = Debug|Any CPU
		{44664F5E-11E2-402A-8EC3-FA353E0FA126}.Debug|x64.Build.0 = Debug|Any CPU
		{44664F5E-11E2-402A-8EC3-FA353E0FA126}.Debug|x86.ActiveCfg = Debug|Any CPU
		{44664F5E-11E2-402A-8EC3-FA353E0FA126}.Debug|x86.Build.0 = Debug|Any CPU
		{44664F5E-11E2-402A-8EC3-FA353E0FA126}.Release|Any CPU.ActiveCfg = Release|Any CPU
		{44664F5E-11E2-402A-8EC3-FA353E0FA126}.Release|Any CPU.Build.0 = Release|Any CPU
		{44664F5E-11E2-402A-8EC3-FA353E0FA126}.Release|ARM.ActiveCfg = Release|Any CPU
		{44664F5E-11E2-402A-8EC3-FA353E0FA126}.Release|ARM.Build.0 = Release|Any CPU
		{44664F5E-11E2-402A-8EC3-FA353E0FA126}.Release|ARM64.ActiveCfg = Release|Any CPU
		{44664F5E-11E2-402A-8EC3-FA353E0FA126}.Release|ARM64.Build.0 = Release|Any CPU
		{44664F5E-11E2-402A-8EC3-FA353E0FA126}.Release|x64.ActiveCfg = Release|Any CPU
		{44664F5E-11E2-402A-8EC3-FA353E0FA126}.Release|x64.Build.0 = Release|Any CPU
		{44664F5E-11E2-402A-8EC3-FA353E0FA126}.Release|x86.ActiveCfg = Release|Any CPU
		{44664F5E-11E2-402A-8EC3-FA353E0FA126}.Release|x86.Build.0 = Release|Any CPU
		{0B213759-E093-4D15-AD07-A9C7AB2C0FE7}.Debug|Any CPU.ActiveCfg = Debug|Any CPU
		{0B213759-E093-4D15-AD07-A9C7AB2C0FE7}.Debug|Any CPU.Build.0 = Debug|Any CPU
		{0B213759-E093-4D15-AD07-A9C7AB2C0FE7}.Debug|ARM.ActiveCfg = Debug|Any CPU
		{0B213759-E093-4D15-AD07-A9C7AB2C0FE7}.Debug|ARM.Build.0 = Debug|Any CPU
		{0B213759-E093-4D15-AD07-A9C7AB2C0FE7}.Debug|ARM64.ActiveCfg = Debug|Any CPU
		{0B213759-E093-4D15-AD07-A9C7AB2C0FE7}.Debug|ARM64.Build.0 = Debug|Any CPU
		{0B213759-E093-4D15-AD07-A9C7AB2C0FE7}.Debug|x64.ActiveCfg = Debug|Any CPU
		{0B213759-E093-4D15-AD07-A9C7AB2C0FE7}.Debug|x64.Build.0 = Debug|Any CPU
		{0B213759-E093-4D15-AD07-A9C7AB2C0FE7}.Debug|x86.ActiveCfg = Debug|Any CPU
		{0B213759-E093-4D15-AD07-A9C7AB2C0FE7}.Debug|x86.Build.0 = Debug|Any CPU
		{0B213759-E093-4D15-AD07-A9C7AB2C0FE7}.Release|Any CPU.ActiveCfg = Release|Any CPU
		{0B213759-E093-4D15-AD07-A9C7AB2C0FE7}.Release|Any CPU.Build.0 = Release|Any CPU
		{0B213759-E093-4D15-AD07-A9C7AB2C0FE7}.Release|ARM.ActiveCfg = Release|Any CPU
		{0B213759-E093-4D15-AD07-A9C7AB2C0FE7}.Release|ARM.Build.0 = Release|Any CPU
		{0B213759-E093-4D15-AD07-A9C7AB2C0FE7}.Release|ARM64.ActiveCfg = Release|Any CPU
		{0B213759-E093-4D15-AD07-A9C7AB2C0FE7}.Release|ARM64.Build.0 = Release|Any CPU
		{0B213759-E093-4D15-AD07-A9C7AB2C0FE7}.Release|x64.ActiveCfg = Release|Any CPU
		{0B213759-E093-4D15-AD07-A9C7AB2C0FE7}.Release|x64.Build.0 = Release|Any CPU
		{0B213759-E093-4D15-AD07-A9C7AB2C0FE7}.Release|x86.ActiveCfg = Release|Any CPU
		{0B213759-E093-4D15-AD07-A9C7AB2C0FE7}.Release|x86.Build.0 = Release|Any CPU
		{0FF6BBA0-4DC7-47C0-839A-E05B4FFA9A3E}.Debug|Any CPU.ActiveCfg = Debug|Any CPU
		{0FF6BBA0-4DC7-47C0-839A-E05B4FFA9A3E}.Debug|Any CPU.Build.0 = Debug|Any CPU
		{0FF6BBA0-4DC7-47C0-839A-E05B4FFA9A3E}.Debug|Any CPU.Deploy.0 = Debug|Any CPU
		{0FF6BBA0-4DC7-47C0-839A-E05B4FFA9A3E}.Debug|ARM.ActiveCfg = Debug|Any CPU
		{0FF6BBA0-4DC7-47C0-839A-E05B4FFA9A3E}.Debug|ARM.Build.0 = Debug|Any CPU
		{0FF6BBA0-4DC7-47C0-839A-E05B4FFA9A3E}.Debug|ARM.Deploy.0 = Debug|Any CPU
		{0FF6BBA0-4DC7-47C0-839A-E05B4FFA9A3E}.Debug|ARM64.ActiveCfg = Debug|Any CPU
		{0FF6BBA0-4DC7-47C0-839A-E05B4FFA9A3E}.Debug|ARM64.Build.0 = Debug|Any CPU
		{0FF6BBA0-4DC7-47C0-839A-E05B4FFA9A3E}.Debug|ARM64.Deploy.0 = Debug|Any CPU
		{0FF6BBA0-4DC7-47C0-839A-E05B4FFA9A3E}.Debug|x64.ActiveCfg = Debug|Any CPU
		{0FF6BBA0-4DC7-47C0-839A-E05B4FFA9A3E}.Debug|x64.Build.0 = Debug|Any CPU
		{0FF6BBA0-4DC7-47C0-839A-E05B4FFA9A3E}.Debug|x64.Deploy.0 = Debug|Any CPU
		{0FF6BBA0-4DC7-47C0-839A-E05B4FFA9A3E}.Debug|x86.ActiveCfg = Debug|Any CPU
		{0FF6BBA0-4DC7-47C0-839A-E05B4FFA9A3E}.Debug|x86.Build.0 = Debug|Any CPU
		{0FF6BBA0-4DC7-47C0-839A-E05B4FFA9A3E}.Debug|x86.Deploy.0 = Debug|Any CPU
		{0FF6BBA0-4DC7-47C0-839A-E05B4FFA9A3E}.Release|Any CPU.ActiveCfg = Release|Any CPU
		{0FF6BBA0-4DC7-47C0-839A-E05B4FFA9A3E}.Release|Any CPU.Build.0 = Release|Any CPU
		{0FF6BBA0-4DC7-47C0-839A-E05B4FFA9A3E}.Release|Any CPU.Deploy.0 = Release|Any CPU
		{0FF6BBA0-4DC7-47C0-839A-E05B4FFA9A3E}.Release|ARM.ActiveCfg = Release|Any CPU
		{0FF6BBA0-4DC7-47C0-839A-E05B4FFA9A3E}.Release|ARM.Build.0 = Release|Any CPU
		{0FF6BBA0-4DC7-47C0-839A-E05B4FFA9A3E}.Release|ARM.Deploy.0 = Release|Any CPU
		{0FF6BBA0-4DC7-47C0-839A-E05B4FFA9A3E}.Release|ARM64.ActiveCfg = Release|Any CPU
		{0FF6BBA0-4DC7-47C0-839A-E05B4FFA9A3E}.Release|ARM64.Build.0 = Release|Any CPU
		{0FF6BBA0-4DC7-47C0-839A-E05B4FFA9A3E}.Release|ARM64.Deploy.0 = Release|Any CPU
		{0FF6BBA0-4DC7-47C0-839A-E05B4FFA9A3E}.Release|x64.ActiveCfg = Release|Any CPU
		{0FF6BBA0-4DC7-47C0-839A-E05B4FFA9A3E}.Release|x64.Build.0 = Release|Any CPU
		{0FF6BBA0-4DC7-47C0-839A-E05B4FFA9A3E}.Release|x64.Deploy.0 = Release|Any CPU
		{0FF6BBA0-4DC7-47C0-839A-E05B4FFA9A3E}.Release|x86.ActiveCfg = Release|Any CPU
		{0FF6BBA0-4DC7-47C0-839A-E05B4FFA9A3E}.Release|x86.Build.0 = Release|Any CPU
		{0FF6BBA0-4DC7-47C0-839A-E05B4FFA9A3E}.Release|x86.Deploy.0 = Release|Any CPU
		{0F7B49D4-0E81-42ED-92D9-93869C2FD617}.Debug|Any CPU.ActiveCfg = Debug|Any CPU
		{0F7B49D4-0E81-42ED-92D9-93869C2FD617}.Debug|Any CPU.Build.0 = Debug|Any CPU
		{0F7B49D4-0E81-42ED-92D9-93869C2FD617}.Debug|ARM.ActiveCfg = Debug|Any CPU
		{0F7B49D4-0E81-42ED-92D9-93869C2FD617}.Debug|ARM.Build.0 = Debug|Any CPU
		{0F7B49D4-0E81-42ED-92D9-93869C2FD617}.Debug|ARM64.ActiveCfg = Debug|Any CPU
		{0F7B49D4-0E81-42ED-92D9-93869C2FD617}.Debug|ARM64.Build.0 = Debug|Any CPU
		{0F7B49D4-0E81-42ED-92D9-93869C2FD617}.Debug|x64.ActiveCfg = Debug|Any CPU
		{0F7B49D4-0E81-42ED-92D9-93869C2FD617}.Debug|x64.Build.0 = Debug|Any CPU
		{0F7B49D4-0E81-42ED-92D9-93869C2FD617}.Debug|x86.ActiveCfg = Debug|Any CPU
		{0F7B49D4-0E81-42ED-92D9-93869C2FD617}.Debug|x86.Build.0 = Debug|Any CPU
		{0F7B49D4-0E81-42ED-92D9-93869C2FD617}.Release|Any CPU.ActiveCfg = Release|Any CPU
		{0F7B49D4-0E81-42ED-92D9-93869C2FD617}.Release|Any CPU.Build.0 = Release|Any CPU
		{0F7B49D4-0E81-42ED-92D9-93869C2FD617}.Release|ARM.ActiveCfg = Release|Any CPU
		{0F7B49D4-0E81-42ED-92D9-93869C2FD617}.Release|ARM.Build.0 = Release|Any CPU
		{0F7B49D4-0E81-42ED-92D9-93869C2FD617}.Release|ARM64.ActiveCfg = Release|Any CPU
		{0F7B49D4-0E81-42ED-92D9-93869C2FD617}.Release|ARM64.Build.0 = Release|Any CPU
		{0F7B49D4-0E81-42ED-92D9-93869C2FD617}.Release|x64.ActiveCfg = Release|Any CPU
		{0F7B49D4-0E81-42ED-92D9-93869C2FD617}.Release|x64.Build.0 = Release|Any CPU
		{0F7B49D4-0E81-42ED-92D9-93869C2FD617}.Release|x86.ActiveCfg = Release|Any CPU
		{0F7B49D4-0E81-42ED-92D9-93869C2FD617}.Release|x86.Build.0 = Release|Any CPU
		{04955EFC-FA3C-4D78-B567-3239F53BA61C}.Debug|Any CPU.ActiveCfg = Debug|x64
		{04955EFC-FA3C-4D78-B567-3239F53BA61C}.Debug|Any CPU.Build.0 = Debug|x64
		{04955EFC-FA3C-4D78-B567-3239F53BA61C}.Debug|Any CPU.Deploy.0 = Debug|x64
		{04955EFC-FA3C-4D78-B567-3239F53BA61C}.Debug|ARM.ActiveCfg = Debug|ARM
		{04955EFC-FA3C-4D78-B567-3239F53BA61C}.Debug|ARM.Build.0 = Debug|ARM
		{04955EFC-FA3C-4D78-B567-3239F53BA61C}.Debug|ARM.Deploy.0 = Debug|ARM
		{04955EFC-FA3C-4D78-B567-3239F53BA61C}.Debug|ARM64.ActiveCfg = Debug|ARM64
		{04955EFC-FA3C-4D78-B567-3239F53BA61C}.Debug|ARM64.Build.0 = Debug|ARM64
		{04955EFC-FA3C-4D78-B567-3239F53BA61C}.Debug|ARM64.Deploy.0 = Debug|ARM64
		{04955EFC-FA3C-4D78-B567-3239F53BA61C}.Debug|x64.ActiveCfg = Debug|x64
		{04955EFC-FA3C-4D78-B567-3239F53BA61C}.Debug|x64.Build.0 = Debug|x64
		{04955EFC-FA3C-4D78-B567-3239F53BA61C}.Debug|x64.Deploy.0 = Debug|x64
		{04955EFC-FA3C-4D78-B567-3239F53BA61C}.Debug|x86.ActiveCfg = Debug|x86
		{04955EFC-FA3C-4D78-B567-3239F53BA61C}.Debug|x86.Build.0 = Debug|x86
		{04955EFC-FA3C-4D78-B567-3239F53BA61C}.Debug|x86.Deploy.0 = Debug|x86
		{04955EFC-FA3C-4D78-B567-3239F53BA61C}.Release|Any CPU.ActiveCfg = Release|x64
		{04955EFC-FA3C-4D78-B567-3239F53BA61C}.Release|Any CPU.Build.0 = Release|x64
		{04955EFC-FA3C-4D78-B567-3239F53BA61C}.Release|Any CPU.Deploy.0 = Release|x64
		{04955EFC-FA3C-4D78-B567-3239F53BA61C}.Release|ARM.ActiveCfg = Release|ARM
		{04955EFC-FA3C-4D78-B567-3239F53BA61C}.Release|ARM.Build.0 = Release|ARM
		{04955EFC-FA3C-4D78-B567-3239F53BA61C}.Release|ARM.Deploy.0 = Release|ARM
		{04955EFC-FA3C-4D78-B567-3239F53BA61C}.Release|ARM64.ActiveCfg = Release|ARM64
		{04955EFC-FA3C-4D78-B567-3239F53BA61C}.Release|ARM64.Build.0 = Release|ARM64
		{04955EFC-FA3C-4D78-B567-3239F53BA61C}.Release|ARM64.Deploy.0 = Release|ARM64
		{04955EFC-FA3C-4D78-B567-3239F53BA61C}.Release|x64.ActiveCfg = Release|x64
		{04955EFC-FA3C-4D78-B567-3239F53BA61C}.Release|x64.Build.0 = Release|x64
		{04955EFC-FA3C-4D78-B567-3239F53BA61C}.Release|x64.Deploy.0 = Release|x64
		{04955EFC-FA3C-4D78-B567-3239F53BA61C}.Release|x86.ActiveCfg = Release|x86
		{04955EFC-FA3C-4D78-B567-3239F53BA61C}.Release|x86.Build.0 = Release|x86
		{04955EFC-FA3C-4D78-B567-3239F53BA61C}.Release|x86.Deploy.0 = Release|x86
		{CB862DA4-B84F-46C0-995C-023FCD39FD47}.Debug|Any CPU.ActiveCfg = Debug|Any CPU
		{CB862DA4-B84F-46C0-995C-023FCD39FD47}.Debug|Any CPU.Build.0 = Debug|Any CPU
		{CB862DA4-B84F-46C0-995C-023FCD39FD47}.Debug|ARM.ActiveCfg = Debug|ARM
		{CB862DA4-B84F-46C0-995C-023FCD39FD47}.Debug|ARM.Build.0 = Debug|ARM
		{CB862DA4-B84F-46C0-995C-023FCD39FD47}.Debug|ARM64.ActiveCfg = Debug|ARM64
		{CB862DA4-B84F-46C0-995C-023FCD39FD47}.Debug|ARM64.Build.0 = Debug|ARM64
		{CB862DA4-B84F-46C0-995C-023FCD39FD47}.Debug|x64.ActiveCfg = Debug|x64
		{CB862DA4-B84F-46C0-995C-023FCD39FD47}.Debug|x64.Build.0 = Debug|x64
		{CB862DA4-B84F-46C0-995C-023FCD39FD47}.Debug|x86.ActiveCfg = Debug|x86
		{CB862DA4-B84F-46C0-995C-023FCD39FD47}.Debug|x86.Build.0 = Debug|x86
		{CB862DA4-B84F-46C0-995C-023FCD39FD47}.Release|Any CPU.ActiveCfg = Release|Any CPU
		{CB862DA4-B84F-46C0-995C-023FCD39FD47}.Release|Any CPU.Build.0 = Release|Any CPU
		{CB862DA4-B84F-46C0-995C-023FCD39FD47}.Release|ARM.ActiveCfg = Release|ARM
		{CB862DA4-B84F-46C0-995C-023FCD39FD47}.Release|ARM.Build.0 = Release|ARM
		{CB862DA4-B84F-46C0-995C-023FCD39FD47}.Release|ARM64.ActiveCfg = Release|ARM64
		{CB862DA4-B84F-46C0-995C-023FCD39FD47}.Release|ARM64.Build.0 = Release|ARM64
		{CB862DA4-B84F-46C0-995C-023FCD39FD47}.Release|x64.ActiveCfg = Release|x64
		{CB862DA4-B84F-46C0-995C-023FCD39FD47}.Release|x64.Build.0 = Release|x64
		{CB862DA4-B84F-46C0-995C-023FCD39FD47}.Release|x86.ActiveCfg = Release|x86
		{CB862DA4-B84F-46C0-995C-023FCD39FD47}.Release|x86.Build.0 = Release|x86
		{7A5F849B-5840-484A-918B-A92BBBA09845}.Debug|Any CPU.ActiveCfg = Debug|Any CPU
		{7A5F849B-5840-484A-918B-A92BBBA09845}.Debug|Any CPU.Build.0 = Debug|Any CPU
		{7A5F849B-5840-484A-918B-A92BBBA09845}.Debug|ARM.ActiveCfg = Debug|Any CPU
		{7A5F849B-5840-484A-918B-A92BBBA09845}.Debug|ARM.Build.0 = Debug|Any CPU
		{7A5F849B-5840-484A-918B-A92BBBA09845}.Debug|ARM64.ActiveCfg = Debug|Any CPU
		{7A5F849B-5840-484A-918B-A92BBBA09845}.Debug|ARM64.Build.0 = Debug|Any CPU
		{7A5F849B-5840-484A-918B-A92BBBA09845}.Debug|x64.ActiveCfg = Debug|Any CPU
		{7A5F849B-5840-484A-918B-A92BBBA09845}.Debug|x64.Build.0 = Debug|Any CPU
		{7A5F849B-5840-484A-918B-A92BBBA09845}.Debug|x86.ActiveCfg = Debug|Any CPU
		{7A5F849B-5840-484A-918B-A92BBBA09845}.Debug|x86.Build.0 = Debug|Any CPU
		{7A5F849B-5840-484A-918B-A92BBBA09845}.Release|Any CPU.ActiveCfg = Release|Any CPU
		{7A5F849B-5840-484A-918B-A92BBBA09845}.Release|Any CPU.Build.0 = Release|Any CPU
		{7A5F849B-5840-484A-918B-A92BBBA09845}.Release|ARM.ActiveCfg = Release|Any CPU
		{7A5F849B-5840-484A-918B-A92BBBA09845}.Release|ARM.Build.0 = Release|Any CPU
		{7A5F849B-5840-484A-918B-A92BBBA09845}.Release|ARM64.ActiveCfg = Release|Any CPU
		{7A5F849B-5840-484A-918B-A92BBBA09845}.Release|ARM64.Build.0 = Release|Any CPU
		{7A5F849B-5840-484A-918B-A92BBBA09845}.Release|x64.ActiveCfg = Release|Any CPU
		{7A5F849B-5840-484A-918B-A92BBBA09845}.Release|x64.Build.0 = Release|Any CPU
		{7A5F849B-5840-484A-918B-A92BBBA09845}.Release|x86.ActiveCfg = Release|Any CPU
		{7A5F849B-5840-484A-918B-A92BBBA09845}.Release|x86.Build.0 = Release|Any CPU
		{F7F80133-6823-482C-9DDA-26E9119F70BE}.Debug|Any CPU.ActiveCfg = Debug|Any CPU
		{F7F80133-6823-482C-9DDA-26E9119F70BE}.Debug|Any CPU.Build.0 = Debug|Any CPU
		{F7F80133-6823-482C-9DDA-26E9119F70BE}.Debug|ARM.ActiveCfg = Debug|Any CPU
		{F7F80133-6823-482C-9DDA-26E9119F70BE}.Debug|ARM.Build.0 = Debug|Any CPU
		{F7F80133-6823-482C-9DDA-26E9119F70BE}.Debug|ARM64.ActiveCfg = Debug|Any CPU
		{F7F80133-6823-482C-9DDA-26E9119F70BE}.Debug|ARM64.Build.0 = Debug|Any CPU
		{F7F80133-6823-482C-9DDA-26E9119F70BE}.Debug|x64.ActiveCfg = Debug|Any CPU
		{F7F80133-6823-482C-9DDA-26E9119F70BE}.Debug|x64.Build.0 = Debug|Any CPU
		{F7F80133-6823-482C-9DDA-26E9119F70BE}.Debug|x86.ActiveCfg = Debug|Any CPU
		{F7F80133-6823-482C-9DDA-26E9119F70BE}.Debug|x86.Build.0 = Debug|Any CPU
		{F7F80133-6823-482C-9DDA-26E9119F70BE}.Release|Any CPU.ActiveCfg = Release|Any CPU
		{F7F80133-6823-482C-9DDA-26E9119F70BE}.Release|Any CPU.Build.0 = Release|Any CPU
		{F7F80133-6823-482C-9DDA-26E9119F70BE}.Release|ARM.ActiveCfg = Release|Any CPU
		{F7F80133-6823-482C-9DDA-26E9119F70BE}.Release|ARM.Build.0 = Release|Any CPU
		{F7F80133-6823-482C-9DDA-26E9119F70BE}.Release|ARM64.ActiveCfg = Release|Any CPU
		{F7F80133-6823-482C-9DDA-26E9119F70BE}.Release|ARM64.Build.0 = Release|Any CPU
		{F7F80133-6823-482C-9DDA-26E9119F70BE}.Release|x64.ActiveCfg = Release|Any CPU
		{F7F80133-6823-482C-9DDA-26E9119F70BE}.Release|x64.Build.0 = Release|Any CPU
		{F7F80133-6823-482C-9DDA-26E9119F70BE}.Release|x86.ActiveCfg = Release|Any CPU
		{F7F80133-6823-482C-9DDA-26E9119F70BE}.Release|x86.Build.0 = Release|Any CPU
	EndGlobalSection
	GlobalSection(SolutionProperties) = preSolution
		HideSolutionNode = FALSE
	EndGlobalSection
	GlobalSection(ExtensibilityGlobals) = postSolution
		SolutionGuid = {CE0B2A70-4C00-4098-9420-B1081BE6C36C}
	EndGlobalSection
EndGlobal
