
Microsoft Visual Studio Solution File, Format Version 12.00
# Visual Studio Version 17
VisualStudioVersion = 17.7.34024.191
MinimumVisualStudioVersion = 10.0.40219.1
Project("{9A19103F-16F7-4668-BE54-9A1E7A4F7556}") = "TN.DVDCentral.BL.Models", "TN.DVDCentral.BL.Models\TN.DVDCentral.BL.Models.csproj", "{E709F047-D368-4475-A33A-C2C86A7A85A6}"
EndProject
Project("{00D1A9C2-B5F0-4AF3-8072-F6C62B433612}") = "TN.DVDCentral.DB", "TN.DVDCentral.DB\TN.DVDCentral.DB.sqlproj", "{36B5BC03-5E73-4B0C-B106-433F784F6111}"
EndProject
Project("{9A19103F-16F7-4668-BE54-9A1E7A4F7556}") = "TN.DVDCentral.PL", "TN.DVDCentral.PL\TN.DVDCentral.PL.csproj", "{A2EAB7E3-E7B9-442D-B661-34804396CFA2}"
EndProject
Project("{9A19103F-16F7-4668-BE54-9A1E7A4F7556}") = "TN.DVDCentral.PL.Test", "TN.DVDCentral.PL.Test\TN.DVDCentral.PL.Test.csproj", "{AC8AA007-69D5-4FF2-A0C2-D4546043E073}"
EndProject
Project("{9A19103F-16F7-4668-BE54-9A1E7A4F7556}") = "TN.DVDCentral.BL.Test", "TN.DVDCentral.BL.Test\TN.DVDCentral.BL.Test.csproj", "{E71BD162-CDDE-4C37-9C74-34D6992CE041}"
EndProject
Project("{9A19103F-16F7-4668-BE54-9A1E7A4F7556}") = "TN.DVDCentral.BL", "TN.DVDCentral.BL\TN.DVDCentral.BL.csproj", "{2305BF87-B9A3-4745-9FB3-180B5E7CC91A}"
EndProject
Project("{2150E333-8FDC-42A3-9474-1A3956D46DE8}") = "solution items", "solution items", "{738FE8CA-FCAA-4D87-86EF-8EE2A3406B5A}"
	ProjectSection(SolutionItems) = preProject
		TextFile1.txt = TextFile1.txt
	EndProjectSection
EndProject
Project("{9A19103F-16F7-4668-BE54-9A1E7A4F7556}") = "TN.DVDCentral.UI", "TN.DVDCentral.UI\TN.DVDCentral.UI.csproj", "{2CB20F01-0BFF-4166-847D-2A1073C78AA3}"
EndProject
Project("{9A19103F-16F7-4668-BE54-9A1E7A4F7556}") = "TN.DVDCentral.API", "TN.DVDCentral.API\TN.DVDCentral.API.csproj", "{5576E436-9659-4F1E-819B-F2FDED60A7AC}"
EndProject
Project("{9A19103F-16F7-4668-BE54-9A1E7A4F7556}") = "TN.DVDCentral.PL2", "TN.DVDCentral.PL2\TN.DVDCentral.PL2.csproj", "{649B588F-3B80-4CFD-B0D7-F39A82FC974E}"
EndProject
Project("{9A19103F-16F7-4668-BE54-9A1E7A4F7556}") = "TN.DVDCentral.MigrationHandler", "TN.DVDCentral.MigrationHandler\TN.DVDCentral.MigrationHandler.csproj", "{341AEA4C-57F5-4B1C-B977-981C93EB93D3}"
EndProject
Project("{9A19103F-16F7-4668-BE54-9A1E7A4F7556}") = "TN.DVDCentral.WPF.UI", "TN.DVDCentral.WPF.UI\TN.DVDCentral.WPF.UI.csproj", "{B75FFCD6-AFCA-48A2-89E1-0CE8B243668F}"
EndProject
Project("{9A19103F-16F7-4668-BE54-9A1E7A4F7556}") = "TN.DVDCentral.ConsoleApp", "TN.DVDCentral.ConsoleApp\TN.DVDCentral.ConsoleApp.csproj", "{A15BE03C-D469-4814-8B85-2830E277D46E}"
EndProject
Project("{FAE04EC0-301F-11D3-BF4B-00C04F79EFBC}") = "TN.DVDCentral.API2", "TN.DVDCentral.API2\TN.DVDCentral.API2.csproj", "{EFCC75AC-9E13-4A81-8E10-CEB3346B1476}"
EndProject
Project("{FAE04EC0-301F-11D3-BF4B-00C04F79EFBC}") = "TN.DVDCentral.API.Test", "TN.DVDCentral.API.Test\TN.DVDCentral.API.Test.csproj", "{46F8D85A-D299-4EB9-92BE-5C4CA4C8AD7D}"
EndProject
Global
	GlobalSection(SolutionConfigurationPlatforms) = preSolution
		Debug|Any CPU = Debug|Any CPU
		Release|Any CPU = Release|Any CPU
	EndGlobalSection
	GlobalSection(ProjectConfigurationPlatforms) = postSolution
		{E709F047-D368-4475-A33A-C2C86A7A85A6}.Debug|Any CPU.ActiveCfg = Debug|Any CPU
		{E709F047-D368-4475-A33A-C2C86A7A85A6}.Debug|Any CPU.Build.0 = Debug|Any CPU
		{E709F047-D368-4475-A33A-C2C86A7A85A6}.Release|Any CPU.ActiveCfg = Release|Any CPU
		{E709F047-D368-4475-A33A-C2C86A7A85A6}.Release|Any CPU.Build.0 = Release|Any CPU
		{36B5BC03-5E73-4B0C-B106-433F784F6111}.Debug|Any CPU.ActiveCfg = Debug|Any CPU
		{36B5BC03-5E73-4B0C-B106-433F784F6111}.Debug|Any CPU.Build.0 = Debug|Any CPU
		{36B5BC03-5E73-4B0C-B106-433F784F6111}.Debug|Any CPU.Deploy.0 = Debug|Any CPU
		{36B5BC03-5E73-4B0C-B106-433F784F6111}.Release|Any CPU.ActiveCfg = Release|Any CPU
		{36B5BC03-5E73-4B0C-B106-433F784F6111}.Release|Any CPU.Build.0 = Release|Any CPU
		{36B5BC03-5E73-4B0C-B106-433F784F6111}.Release|Any CPU.Deploy.0 = Release|Any CPU
		{A2EAB7E3-E7B9-442D-B661-34804396CFA2}.Debug|Any CPU.ActiveCfg = Debug|Any CPU
		{A2EAB7E3-E7B9-442D-B661-34804396CFA2}.Debug|Any CPU.Build.0 = Debug|Any CPU
		{A2EAB7E3-E7B9-442D-B661-34804396CFA2}.Release|Any CPU.ActiveCfg = Release|Any CPU
		{A2EAB7E3-E7B9-442D-B661-34804396CFA2}.Release|Any CPU.Build.0 = Release|Any CPU
		{AC8AA007-69D5-4FF2-A0C2-D4546043E073}.Debug|Any CPU.ActiveCfg = Debug|Any CPU
		{AC8AA007-69D5-4FF2-A0C2-D4546043E073}.Debug|Any CPU.Build.0 = Debug|Any CPU
		{AC8AA007-69D5-4FF2-A0C2-D4546043E073}.Release|Any CPU.ActiveCfg = Release|Any CPU
		{AC8AA007-69D5-4FF2-A0C2-D4546043E073}.Release|Any CPU.Build.0 = Release|Any CPU
		{E71BD162-CDDE-4C37-9C74-34D6992CE041}.Debug|Any CPU.ActiveCfg = Debug|Any CPU
		{E71BD162-CDDE-4C37-9C74-34D6992CE041}.Debug|Any CPU.Build.0 = Debug|Any CPU
		{E71BD162-CDDE-4C37-9C74-34D6992CE041}.Release|Any CPU.ActiveCfg = Release|Any CPU
		{E71BD162-CDDE-4C37-9C74-34D6992CE041}.Release|Any CPU.Build.0 = Release|Any CPU
		{2305BF87-B9A3-4745-9FB3-180B5E7CC91A}.Debug|Any CPU.ActiveCfg = Debug|Any CPU
		{2305BF87-B9A3-4745-9FB3-180B5E7CC91A}.Debug|Any CPU.Build.0 = Debug|Any CPU
		{2305BF87-B9A3-4745-9FB3-180B5E7CC91A}.Release|Any CPU.ActiveCfg = Release|Any CPU
		{2305BF87-B9A3-4745-9FB3-180B5E7CC91A}.Release|Any CPU.Build.0 = Release|Any CPU
		{2CB20F01-0BFF-4166-847D-2A1073C78AA3}.Debug|Any CPU.ActiveCfg = Debug|Any CPU
		{2CB20F01-0BFF-4166-847D-2A1073C78AA3}.Debug|Any CPU.Build.0 = Debug|Any CPU
		{2CB20F01-0BFF-4166-847D-2A1073C78AA3}.Release|Any CPU.ActiveCfg = Release|Any CPU
		{2CB20F01-0BFF-4166-847D-2A1073C78AA3}.Release|Any CPU.Build.0 = Release|Any CPU
		{5576E436-9659-4F1E-819B-F2FDED60A7AC}.Debug|Any CPU.ActiveCfg = Debug|Any CPU
		{5576E436-9659-4F1E-819B-F2FDED60A7AC}.Debug|Any CPU.Build.0 = Debug|Any CPU
		{5576E436-9659-4F1E-819B-F2FDED60A7AC}.Release|Any CPU.ActiveCfg = Release|Any CPU
		{5576E436-9659-4F1E-819B-F2FDED60A7AC}.Release|Any CPU.Build.0 = Release|Any CPU
		{649B588F-3B80-4CFD-B0D7-F39A82FC974E}.Debug|Any CPU.ActiveCfg = Debug|Any CPU
		{649B588F-3B80-4CFD-B0D7-F39A82FC974E}.Debug|Any CPU.Build.0 = Debug|Any CPU
		{649B588F-3B80-4CFD-B0D7-F39A82FC974E}.Release|Any CPU.ActiveCfg = Release|Any CPU
		{649B588F-3B80-4CFD-B0D7-F39A82FC974E}.Release|Any CPU.Build.0 = Release|Any CPU
		{341AEA4C-57F5-4B1C-B977-981C93EB93D3}.Debug|Any CPU.ActiveCfg = Debug|Any CPU
		{341AEA4C-57F5-4B1C-B977-981C93EB93D3}.Debug|Any CPU.Build.0 = Debug|Any CPU
		{341AEA4C-57F5-4B1C-B977-981C93EB93D3}.Release|Any CPU.ActiveCfg = Release|Any CPU
		{341AEA4C-57F5-4B1C-B977-981C93EB93D3}.Release|Any CPU.Build.0 = Release|Any CPU
		{B75FFCD6-AFCA-48A2-89E1-0CE8B243668F}.Debug|Any CPU.ActiveCfg = Debug|Any CPU
		{B75FFCD6-AFCA-48A2-89E1-0CE8B243668F}.Debug|Any CPU.Build.0 = Debug|Any CPU
		{B75FFCD6-AFCA-48A2-89E1-0CE8B243668F}.Release|Any CPU.ActiveCfg = Release|Any CPU
		{B75FFCD6-AFCA-48A2-89E1-0CE8B243668F}.Release|Any CPU.Build.0 = Release|Any CPU
		{A15BE03C-D469-4814-8B85-2830E277D46E}.Debug|Any CPU.ActiveCfg = Debug|Any CPU
		{A15BE03C-D469-4814-8B85-2830E277D46E}.Debug|Any CPU.Build.0 = Debug|Any CPU
		{A15BE03C-D469-4814-8B85-2830E277D46E}.Release|Any CPU.ActiveCfg = Release|Any CPU
		{A15BE03C-D469-4814-8B85-2830E277D46E}.Release|Any CPU.Build.0 = Release|Any CPU
		{EFCC75AC-9E13-4A81-8E10-CEB3346B1476}.Debug|Any CPU.ActiveCfg = Debug|Any CPU
		{EFCC75AC-9E13-4A81-8E10-CEB3346B1476}.Debug|Any CPU.Build.0 = Debug|Any CPU
		{EFCC75AC-9E13-4A81-8E10-CEB3346B1476}.Release|Any CPU.ActiveCfg = Release|Any CPU
		{EFCC75AC-9E13-4A81-8E10-CEB3346B1476}.Release|Any CPU.Build.0 = Release|Any CPU
		{46F8D85A-D299-4EB9-92BE-5C4CA4C8AD7D}.Debug|Any CPU.ActiveCfg = Debug|Any CPU
		{46F8D85A-D299-4EB9-92BE-5C4CA4C8AD7D}.Debug|Any CPU.Build.0 = Debug|Any CPU
		{46F8D85A-D299-4EB9-92BE-5C4CA4C8AD7D}.Release|Any CPU.ActiveCfg = Release|Any CPU
		{46F8D85A-D299-4EB9-92BE-5C4CA4C8AD7D}.Release|Any CPU.Build.0 = Release|Any CPU
	EndGlobalSection
	GlobalSection(SolutionProperties) = preSolution
		HideSolutionNode = FALSE
	EndGlobalSection
	GlobalSection(ExtensibilityGlobals) = postSolution
		SolutionGuid = {CE0B2A70-4C00-4098-9420-B1081BE6C36C}
	EndGlobalSection
EndGlobal
